{
  "name": "tutorial",
  "version": "1.0.0",
  "lockfileVersion": 1,
  "requires": true,
  "dependencies": {
    "@types/chrome": {
      "version": "0.0.54",
      "resolved": "https://registry.npmjs.org/@types/chrome/-/chrome-0.0.54.tgz",
      "integrity": "sha512-cwHYY+7wtAtfoRpCJES2vkXD8MMk0zrm12YMDOP9KNyS4QJ36I4h106qiD6UQKAKBFQxbpP1i2lXlUTnxLtHrg==",
      "requires": {
        "@types/filesystem": "0.0.28"
      }
    },
    "@types/filesystem": {
      "version": "0.0.28",
      "resolved": "https://registry.npmjs.org/@types/filesystem/-/filesystem-0.0.28.tgz",
      "integrity": "sha1-P9dzWDDyx0E8taxFeAvEWQRpew4=",
      "requires": {
        "@types/filewriter": "0.0.28"
      }
    },
    "@types/filewriter": {
      "version": "0.0.28",
      "resolved": "https://registry.npmjs.org/@types/filewriter/-/filewriter-0.0.28.tgz",
      "integrity": "sha1-wFTor02d11205jq8dviFFocU1LM="
    }
  }
}
